
Microsoft Visual Studio Solution File, Format Version 12.00
# Visual Studio Version 17
VisualStudioVersion = 17.7.34031.279
MinimumVisualStudioVersion = 10.0.40219.1
Project("{9A19103F-16F7-4668-BE54-9A1E7A4F7556}") = "RobotInterface", "RobotInterface.csproj", "{410438F3-2CCE-4D67-A852-27A74D3FD0ED}"
EndProject
Project("{9A19103F-16F7-4668-BE54-9A1E7A4F7556}") = "WpfOscilloscopeControlNew", "..\WpfOscilloscopeControlNew\WpfOscilloscopeControlNew.csproj", "{65E72FC2-D71B-468A-8F85-C7434C31871F}"
EndProject
Project("{FAE04EC0-301F-11D3-BF4B-00C04F79EFBC}") = "ExtendedSerialPort", "..\ExtendedSerialPort\ExtendedSerialPort.csproj", "{21AC599E-E3D5-4181-AA0F-7C2E00CCA016}"
EndProject
Project("{9A19103F-16F7-4668-BE54-9A1E7A4F7556}") = "WtfWorldMapDisplay", "..\WtfWorldMapDisplay\WtfWorldMapDisplay.csproj", "{911E3D58-D9B6-4044-9AD4-9EAB7B635643}"
EndProject
Project("{9A19103F-16F7-4668-BE54-9A1E7A4F7556}") = "WpfAsservissementDisplayNew", "..\WpfAsservissementDisplayNew\WpfAsservissementDisplayNew.csproj", "{D532D280-5FFD-4381-A612-C3081C4A7902}"
EndProject
Project("{FAE04EC0-301F-11D3-BF4B-00C04F79EFBC}") = "Utilities", "..\Utilities\Utilities.csproj", "{8E7D0DA4-9A13-4B18-A90E-0243BBCCE40A}"
EndProject
Project("{FAE04EC0-301F-11D3-BF4B-00C04F79EFBC}") = "Constants", "..\Constants\Constants.csproj", "{0540B497-B2CE-40A1-84B5-3109CE2F3146}"
EndProject
Global
	GlobalSection(SolutionConfigurationPlatforms) = preSolution
		Debug|Any CPU = Debug|Any CPU
		Debug|x64 = Debug|x64
		Release|Any CPU = Release|Any CPU
		Release|x64 = Release|x64
	EndGlobalSection
	GlobalSection(ProjectConfigurationPlatforms) = postSolution
		{410438F3-2CCE-4D67-A852-27A74D3FD0ED}.Debug|Any CPU.ActiveCfg = Debug|Any CPU
		{410438F3-2CCE-4D67-A852-27A74D3FD0ED}.Debug|Any CPU.Build.0 = Debug|Any CPU
		{410438F3-2CCE-4D67-A852-27A74D3FD0ED}.Debug|x64.ActiveCfg = Debug|Any CPU
		{410438F3-2CCE-4D67-A852-27A74D3FD0ED}.Debug|x64.Build.0 = Debug|Any CPU
		{410438F3-2CCE-4D67-A852-27A74D3FD0ED}.Release|Any CPU.ActiveCfg = Release|Any CPU
		{410438F3-2CCE-4D67-A852-27A74D3FD0ED}.Release|Any CPU.Build.0 = Release|Any CPU
		{410438F3-2CCE-4D67-A852-27A74D3FD0ED}.Release|x64.ActiveCfg = Release|Any CPU
		{410438F3-2CCE-4D67-A852-27A74D3FD0ED}.Release|x64.Build.0 = Release|Any CPU
		{65E72FC2-D71B-468A-8F85-C7434C31871F}.Debug|Any CPU.ActiveCfg = Debug|Any CPU
		{65E72FC2-D71B-468A-8F85-C7434C31871F}.Debug|Any CPU.Build.0 = Debug|Any CPU
		{65E72FC2-D71B-468A-8F85-C7434C31871F}.Debug|x64.ActiveCfg = Debug|Any CPU
		{65E72FC2-D71B-468A-8F85-C7434C31871F}.Debug|x64.Build.0 = Debug|Any CPU
		{65E72FC2-D71B-468A-8F85-C7434C31871F}.Release|Any CPU.ActiveCfg = Release|Any CPU
		{65E72FC2-D71B-468A-8F85-C7434C31871F}.Release|Any CPU.Build.0 = Release|Any CPU
		{65E72FC2-D71B-468A-8F85-C7434C31871F}.Release|x64.ActiveCfg = Release|Any CPU
		{65E72FC2-D71B-468A-8F85-C7434C31871F}.Release|x64.Build.0 = Release|Any CPU
		{21AC599E-E3D5-4181-AA0F-7C2E00CCA016}.Debug|Any CPU.ActiveCfg = Debug|Any CPU
		{21AC599E-E3D5-4181-AA0F-7C2E00CCA016}.Debug|Any CPU.Build.0 = Debug|Any CPU
		{21AC599E-E3D5-4181-AA0F-7C2E00CCA016}.Debug|x64.ActiveCfg = Debug|x64
		{21AC599E-E3D5-4181-AA0F-7C2E00CCA016}.Debug|x64.Build.0 = Debug|x64
		{21AC599E-E3D5-4181-AA0F-7C2E00CCA016}.Release|Any CPU.ActiveCfg = Release|Any CPU
		{21AC599E-E3D5-4181-AA0F-7C2E00CCA016}.Release|Any CPU.Build.0 = Release|Any CPU
		{21AC599E-E3D5-4181-AA0F-7C2E00CCA016}.Release|x64.ActiveCfg = Release|x64
		{21AC599E-E3D5-4181-AA0F-7C2E00CCA016}.Release|x64.Build.0 = Release|x64
		{911E3D58-D9B6-4044-9AD4-9EAB7B635643}.Debug|Any CPU.ActiveCfg = Debug|Any CPU
		{911E3D58-D9B6-4044-9AD4-9EAB7B635643}.Debug|Any CPU.Build.0 = Debug|Any CPU
		{911E3D58-D9B6-4044-9AD4-9EAB7B635643}.Debug|x64.ActiveCfg = Debug|Any CPU
		{911E3D58-D9B6-4044-9AD4-9EAB7B635643}.Debug|x64.Build.0 = Debug|Any CPU
		{911E3D58-D9B6-4044-9AD4-9EAB7B635643}.Release|Any CPU.ActiveCfg = Release|Any CPU
		{911E3D58-D9B6-4044-9AD4-9EAB7B635643}.Release|Any CPU.Build.0 = Release|Any CPU
		{911E3D58-D9B6-4044-9AD4-9EAB7B635643}.Release|x64.ActiveCfg = Release|Any CPU
		{911E3D58-D9B6-4044-9AD4-9EAB7B635643}.Release|x64.Build.0 = Release|Any CPU
		{D532D280-5FFD-4381-A612-C3081C4A7902}.Debug|Any CPU.ActiveCfg = Debug|Any CPU
		{D532D280-5FFD-4381-A612-C3081C4A7902}.Debug|Any CPU.Build.0 = Debug|Any CPU
		{D532D280-5FFD-4381-A612-C3081C4A7902}.Debug|x64.ActiveCfg = Debug|Any CPU
		{D532D280-5FFD-4381-A612-C3081C4A7902}.Debug|x64.Build.0 = Debug|Any CPU
		{D532D280-5FFD-4381-A612-C3081C4A7902}.Release|Any CPU.ActiveCfg = Release|Any CPU
		{D532D280-5FFD-4381-A612-C3081C4A7902}.Release|Any CPU.Build.0 = Release|Any CPU
		{D532D280-5FFD-4381-A612-C3081C4A7902}.Release|x64.ActiveCfg = Release|Any CPU
		{D532D280-5FFD-4381-A612-C3081C4A7902}.Release|x64.Build.0 = Release|Any CPU
		{8E7D0DA4-9A13-4B18-A90E-0243BBCCE40A}.Debug|Any CPU.ActiveCfg = Debug|Any CPU
		{8E7D0DA4-9A13-4B18-A90E-0243BBCCE40A}.Debug|Any CPU.Build.0 = Debug|Any CPU
		{8E7D0DA4-9A13-4B18-A90E-0243BBCCE40A}.Debug|x64.ActiveCfg = Debug|x64
		{8E7D0DA4-9A13-4B18-A90E-0243BBCCE40A}.Debug|x64.Build.0 = Debug|x64
		{8E7D0DA4-9A13-4B18-A90E-0243BBCCE40A}.Release|Any CPU.ActiveCfg = Release|Any CPU
		{8E7D0DA4-9A13-4B18-A90E-0243BBCCE40A}.Release|Any CPU.Build.0 = Release|Any CPU
		{8E7D0DA4-9A13-4B18-A90E-0243BBCCE40A}.Release|x64.ActiveCfg = Release|x64
		{8E7D0DA4-9A13-4B18-A90E-0243BBCCE40A}.Release|x64.Build.0 = Release|x64
		{0540B497-B2CE-40A1-84B5-3109CE2F3146}.Debug|Any CPU.ActiveCfg = Debug|Any CPU
		{0540B497-B2CE-40A1-84B5-3109CE2F3146}.Debug|Any CPU.Build.0 = Debug|Any CPU
		{0540B497-B2CE-40A1-84B5-3109CE2F3146}.Debug|x64.ActiveCfg = Debug|x64
		{0540B497-B2CE-40A1-84B5-3109CE2F3146}.Debug|x64.Build.0 = Debug|x64
		{0540B497-B2CE-40A1-84B5-3109CE2F3146}.Release|Any CPU.ActiveCfg = Release|Any CPU
		{0540B497-B2CE-40A1-84B5-3109CE2F3146}.Release|Any CPU.Build.0 = Release|Any CPU
		{0540B497-B2CE-40A1-84B5-3109CE2F3146}.Release|x64.ActiveCfg = Release|x64
		{0540B497-B2CE-40A1-84B5-3109CE2F3146}.Release|x64.Build.0 = Release|x64
	EndGlobalSection
	GlobalSection(SolutionProperties) = preSolution
		HideSolutionNode = FALSE
	EndGlobalSection
	GlobalSection(ExtensibilityGlobals) = postSolution
		SolutionGuid = {9BF186CF-DEAB-49E9-A6D5-EC92EA90CB15}
	EndGlobalSection
EndGlobal
